// !$*UTF8*$!
{
	archiveVersion = 1;
	classes = {
	};
	objectVersion = 55;
	objects = {

/* Begin PBXBuildFile section */
		5C95695827689DB900B63D85 /* CourseDetailView.swift in Sources */ = {isa = PBXBuildFile; fileRef = 5C95695727689DB900B63D85 /* CourseDetailView.swift */; };
		5C95695A27689EF700B63D85 /* CourseCardView.swift in Sources */ = {isa = PBXBuildFile; fileRef = 5C95695927689EF700B63D85 /* CourseCardView.swift */; };
		5C95695E2768B00000B63D85 /* HeaderBarModel.swift in Sources */ = {isa = PBXBuildFile; fileRef = 5C95695D2768B00000B63D85 /* HeaderBarModel.swift */; };
		5C9569612768B06300B63D85 /* HeaderBarViewModel.swift in Sources */ = {isa = PBXBuildFile; fileRef = 5C9569602768B06300B63D85 /* HeaderBarViewModel.swift */; };
		5C9569642768B12500B63D85 /* HeaderBarView.swift in Sources */ = {isa = PBXBuildFile; fileRef = 5C9569632768B12500B63D85 /* HeaderBarView.swift */; };
		5C9569672768B4C200B63D85 /* CartView.swift in Sources */ = {isa = PBXBuildFile; fileRef = 5C9569662768B4C200B63D85 /* CartView.swift */; };
		5C9569692768C1FF00B63D85 /* CartViewModel.swift in Sources */ = {isa = PBXBuildFile; fileRef = 5C9569682768C1FF00B63D85 /* CartViewModel.swift */; };
		5CA3EAC9276A477500CEEB28 /* LoginModel.swift in Sources */ = {isa = PBXBuildFile; fileRef = 5CA3EAC8276A477500CEEB28 /* LoginModel.swift */; };
		5CAC0535276737010030DA47 /* HashedInIOSAppApp.swift in Sources */ = {isa = PBXBuildFile; fileRef = 5CAC0534276737010030DA47 /* HashedInIOSAppApp.swift */; };
		5CAC0537276737010030DA47 /* ContentView.swift in Sources */ = {isa = PBXBuildFile; fileRef = 5CAC0536276737010030DA47 /* ContentView.swift */; };
		5CAC0539276737020030DA47 /* Assets.xcassets in Resources */ = {isa = PBXBuildFile; fileRef = 5CAC0538276737020030DA47 /* Assets.xcassets */; };
		5CAC053C276737020030DA47 /* Preview Assets.xcassets in Resources */ = {isa = PBXBuildFile; fileRef = 5CAC053B276737020030DA47 /* Preview Assets.xcassets */; };
		5CAC0546276737020030DA47 /* HashedInIOSAppTests.swift in Sources */ = {isa = PBXBuildFile; fileRef = 5CAC0545276737020030DA47 /* HashedInIOSAppTests.swift */; };
		5CAC0550276737020030DA47 /* HashedInIOSAppUITests.swift in Sources */ = {isa = PBXBuildFile; fileRef = 5CAC054F276737020030DA47 /* HashedInIOSAppUITests.swift */; };
		5CAC0552276737020030DA47 /* HashedInIOSAppUITestsLaunchTests.swift in Sources */ = {isa = PBXBuildFile; fileRef = 5CAC0551276737020030DA47 /* HashedInIOSAppUITestsLaunchTests.swift */; };
		5CDCE0AF2769F3860027DAA8 /* HashedInIOSApp.xcdatamodeld in Sources */ = {isa = PBXBuildFile; fileRef = 5CDCE0AD2769F3860027DAA8 /* HashedInIOSApp.xcdatamodeld */; };
		5CDCE0B12769F45C0027DAA8 /* Persistance.swift in Sources */ = {isa = PBXBuildFile; fileRef = 5CDCE0B02769F45C0027DAA8 /* Persistance.swift */; };
		5CDCE0B3276A24AA0027DAA8 /* ProfileView.swift in Sources */ = {isa = PBXBuildFile; fileRef = 5CDCE0B2276A24AA0027DAA8 /* ProfileView.swift */; };
		5CDCE0B6276A25940027DAA8 /* ProfileViewModel.swift in Sources */ = {isa = PBXBuildFile; fileRef = 5CDCE0B5276A25940027DAA8 /* ProfileViewModel.swift */; };
		5CDCE0B9276A29DB0027DAA8 /* HeaderView.swift in Sources */ = {isa = PBXBuildFile; fileRef = 5CDCE0B8276A29DB0027DAA8 /* HeaderView.swift */; };
		5CDCE0BB276A2B100027DAA8 /* SettingsView.swift in Sources */ = {isa = PBXBuildFile; fileRef = 5CDCE0BA276A2B100027DAA8 /* SettingsView.swift */; };
		5CECCE212767A2D600AC781D /* LoginView.swift in Sources */ = {isa = PBXBuildFile; fileRef = 5CECCE202767A2D600AC781D /* LoginView.swift */; };
		5CECCE262767A5B000AC781D /* ProfileModel.swift in Sources */ = {isa = PBXBuildFile; fileRef = 5CECCE252767A5B000AC781D /* ProfileModel.swift */; };
		5CECCE2A2767B21200AC781D /* CourseModel.swift in Sources */ = {isa = PBXBuildFile; fileRef = 5CECCE292767B21200AC781D /* CourseModel.swift */; };
		5CECCE2D2767B71D00AC781D /* WebService.swift in Sources */ = {isa = PBXBuildFile; fileRef = 5CECCE2C2767B71D00AC781D /* WebService.swift */; };
		5CECCE302767B75F00AC781D /* Constants.swift in Sources */ = {isa = PBXBuildFile; fileRef = 5CECCE2F2767B75F00AC781D /* Constants.swift */; };
		5CECCE332767B9BB00AC781D /* CourseViewModel.swift in Sources */ = {isa = PBXBuildFile; fileRef = 5CECCE322767B9BB00AC781D /* CourseViewModel.swift */; };
		5CECCE362767BB8F00AC781D /* CourseView.swift in Sources */ = {isa = PBXBuildFile; fileRef = 5CECCE352767BB8F00AC781D /* CourseView.swift */; };
		5CECCE382767C2DC00AC781D /* Property List.plist in Resources */ = {isa = PBXBuildFile; fileRef = 5CECCE372767C2DC00AC781D /* Property List.plist */; };
/* End PBXBuildFile section */

/* Begin PBXContainerItemProxy section */
		5CAC0542276737020030DA47 /* PBXContainerItemProxy */ = {
			isa = PBXContainerItemProxy;
			containerPortal = 5CAC0529276737010030DA47 /* Project object */;
			proxyType = 1;
			remoteGlobalIDString = 5CAC0530276737010030DA47;
			remoteInfo = HashedInIOSApp;
		};
		5CAC054C276737020030DA47 /* PBXContainerItemProxy */ = {
			isa = PBXContainerItemProxy;
			containerPortal = 5CAC0529276737010030DA47 /* Project object */;
			proxyType = 1;
			remoteGlobalIDString = 5CAC0530276737010030DA47;
			remoteInfo = HashedInIOSApp;
		};
/* End PBXContainerItemProxy section */

/* Begin PBXFileReference section */
		5C95695727689DB900B63D85 /* CourseDetailView.swift */ = {isa = PBXFileReference; lastKnownFileType = sourcecode.swift; path = CourseDetailView.swift; sourceTree = "<group>"; };
		5C95695927689EF700B63D85 /* CourseCardView.swift */ = {isa = PBXFileReference; lastKnownFileType = sourcecode.swift; path = CourseCardView.swift; sourceTree = "<group>"; };
		5C95695D2768B00000B63D85 /* HeaderBarModel.swift */ = {isa = PBXFileReference; lastKnownFileType = sourcecode.swift; path = HeaderBarModel.swift; sourceTree = "<group>"; };
		5C9569602768B06300B63D85 /* HeaderBarViewModel.swift */ = {isa = PBXFileReference; lastKnownFileType = sourcecode.swift; path = HeaderBarViewModel.swift; sourceTree = "<group>"; };
		5C9569632768B12500B63D85 /* HeaderBarView.swift */ = {isa = PBXFileReference; lastKnownFileType = sourcecode.swift; path = HeaderBarView.swift; sourceTree = "<group>"; };
		5C9569662768B4C200B63D85 /* CartView.swift */ = {isa = PBXFileReference; lastKnownFileType = sourcecode.swift; path = CartView.swift; sourceTree = "<group>"; };
		5C9569682768C1FF00B63D85 /* CartViewModel.swift */ = {isa = PBXFileReference; lastKnownFileType = sourcecode.swift; path = CartViewModel.swift; sourceTree = "<group>"; };
		5CA3EAC8276A477500CEEB28 /* LoginModel.swift */ = {isa = PBXFileReference; lastKnownFileType = sourcecode.swift; path = LoginModel.swift; sourceTree = "<group>"; };
		5CAC0531276737010030DA47 /* HashedInIOSApp.app */ = {isa = PBXFileReference; explicitFileType = wrapper.application; includeInIndex = 0; path = HashedInIOSApp.app; sourceTree = BUILT_PRODUCTS_DIR; };
		5CAC0534276737010030DA47 /* HashedInIOSAppApp.swift */ = {isa = PBXFileReference; lastKnownFileType = sourcecode.swift; path = HashedInIOSAppApp.swift; sourceTree = "<group>"; };
		5CAC0536276737010030DA47 /* ContentView.swift */ = {isa = PBXFileReference; lastKnownFileType = sourcecode.swift; path = ContentView.swift; sourceTree = "<group>"; };
		5CAC0538276737020030DA47 /* Assets.xcassets */ = {isa = PBXFileReference; lastKnownFileType = folder.assetcatalog; path = Assets.xcassets; sourceTree = "<group>"; };
		5CAC053B276737020030DA47 /* Preview Assets.xcassets */ = {isa = PBXFileReference; lastKnownFileType = folder.assetcatalog; path = "Preview Assets.xcassets"; sourceTree = "<group>"; };
		5CAC0541276737020030DA47 /* HashedInIOSAppTests.xctest */ = {isa = PBXFileReference; explicitFileType = wrapper.cfbundle; includeInIndex = 0; path = HashedInIOSAppTests.xctest; sourceTree = BUILT_PRODUCTS_DIR; };
		5CAC0545276737020030DA47 /* HashedInIOSAppTests.swift */ = {isa = PBXFileReference; lastKnownFileType = sourcecode.swift; path = HashedInIOSAppTests.swift; sourceTree = "<group>"; };
		5CAC054B276737020030DA47 /* HashedInIOSAppUITests.xctest */ = {isa = PBXFileReference; explicitFileType = wrapper.cfbundle; includeInIndex = 0; path = HashedInIOSAppUITests.xctest; sourceTree = BUILT_PRODUCTS_DIR; };
		5CAC054F276737020030DA47 /* HashedInIOSAppUITests.swift */ = {isa = PBXFileReference; lastKnownFileType = sourcecode.swift; path = HashedInIOSAppUITests.swift; sourceTree = "<group>"; };
		5CAC0551276737020030DA47 /* HashedInIOSAppUITestsLaunchTests.swift */ = {isa = PBXFileReference; lastKnownFileType = sourcecode.swift; path = HashedInIOSAppUITestsLaunchTests.swift; sourceTree = "<group>"; };
		5CDCE0AE2769F3860027DAA8 /* HashedInIOSApp.xcdatamodel */ = {isa = PBXFileReference; lastKnownFileType = wrapper.xcdatamodel; path = HashedInIOSApp.xcdatamodel; sourceTree = "<group>"; };
		5CDCE0B02769F45C0027DAA8 /* Persistance.swift */ = {isa = PBXFileReference; lastKnownFileType = sourcecode.swift; path = Persistance.swift; sourceTree = "<group>"; };
		5CDCE0B2276A24AA0027DAA8 /* ProfileView.swift */ = {isa = PBXFileReference; lastKnownFileType = sourcecode.swift; path = ProfileView.swift; sourceTree = "<group>"; };
		5CDCE0B5276A25940027DAA8 /* ProfileViewModel.swift */ = {isa = PBXFileReference; lastKnownFileType = sourcecode.swift; path = ProfileViewModel.swift; sourceTree = "<group>"; };
		5CDCE0B8276A29DB0027DAA8 /* HeaderView.swift */ = {isa = PBXFileReference; lastKnownFileType = sourcecode.swift; path = HeaderView.swift; sourceTree = "<group>"; };
		5CDCE0BA276A2B100027DAA8 /* SettingsView.swift */ = {isa = PBXFileReference; lastKnownFileType = sourcecode.swift; path = SettingsView.swift; sourceTree = "<group>"; };
		5CECCE202767A2D600AC781D /* LoginView.swift */ = {isa = PBXFileReference; lastKnownFileType = sourcecode.swift; path = LoginView.swift; sourceTree = "<group>"; };
		5CECCE252767A5B000AC781D /* ProfileModel.swift */ = {isa = PBXFileReference; lastKnownFileType = sourcecode.swift; path = ProfileModel.swift; sourceTree = "<group>"; };
		5CECCE292767B21200AC781D /* CourseModel.swift */ = {isa = PBXFileReference; lastKnownFileType = sourcecode.swift; path = CourseModel.swift; sourceTree = "<group>"; };
		5CECCE2C2767B71D00AC781D /* WebService.swift */ = {isa = PBXFileReference; lastKnownFileType = sourcecode.swift; path = WebService.swift; sourceTree = "<group>"; };
		5CECCE2F2767B75F00AC781D /* Constants.swift */ = {isa = PBXFileReference; lastKnownFileType = sourcecode.swift; path = Constants.swift; sourceTree = "<group>"; };
		5CECCE322767B9BB00AC781D /* CourseViewModel.swift */ = {isa = PBXFileReference; lastKnownFileType = sourcecode.swift; path = CourseViewModel.swift; sourceTree = "<group>"; };
		5CECCE352767BB8F00AC781D /* CourseView.swift */ = {isa = PBXFileReference; lastKnownFileType = sourcecode.swift; path = CourseView.swift; sourceTree = "<group>"; };
		5CECCE372767C2DC00AC781D /* Property List.plist */ = {isa = PBXFileReference; lastKnownFileType = text.plist.xml; path = "Property List.plist"; sourceTree = "<group>"; };
/* End PBXFileReference section */

/* Begin PBXFrameworksBuildPhase section */
		5CAC052E276737010030DA47 /* Frameworks */ = {
			isa = PBXFrameworksBuildPhase;
			buildActionMask = 2147483647;
			files = (
			);
			runOnlyForDeploymentPostprocessing = 0;
		};
		5CAC053E276737020030DA47 /* Frameworks */ = {
			isa = PBXFrameworksBuildPhase;
			buildActionMask = 2147483647;
			files = (
			);
			runOnlyForDeploymentPostprocessing = 0;
		};
		5CAC0548276737020030DA47 /* Frameworks */ = {
			isa = PBXFrameworksBuildPhase;
			buildActionMask = 2147483647;
			files = (
			);
			runOnlyForDeploymentPostprocessing = 0;
		};
/* End PBXFrameworksBuildPhase section */

/* Begin PBXGroup section */
		5C95695B2768AFB200B63D85 /* HeaderBar */ = {
			isa = PBXGroup;
			children = (
				5C9569622768B10500B63D85 /* View */,
				5C95695F2768B03B00B63D85 /* ViewModel */,
				5C95695C2768AFDE00B63D85 /* Model */,
			);
			path = HeaderBar;
			sourceTree = "<group>";
		};
		5C95695C2768AFDE00B63D85 /* Model */ = {
			isa = PBXGroup;
			children = (
				5C95695D2768B00000B63D85 /* HeaderBarModel.swift */,
			);
			path = Model;
			sourceTree = "<group>";
		};
		5C95695F2768B03B00B63D85 /* ViewModel */ = {
			isa = PBXGroup;
			children = (
				5C9569602768B06300B63D85 /* HeaderBarViewModel.swift */,
			);
			path = ViewModel;
			sourceTree = "<group>";
		};
		5C9569622768B10500B63D85 /* View */ = {
			isa = PBXGroup;
			children = (
				5C9569632768B12500B63D85 /* HeaderBarView.swift */,
			);
			path = View;
			sourceTree = "<group>";
		};
		5C95696A2768C3BC00B63D85 /* Cart */ = {
			isa = PBXGroup;
			children = (
				5C95696C2768C3E400B63D85 /* ViewModel */,
				5C95696B2768C3DA00B63D85 /* View */,
			);
			path = Cart;
			sourceTree = "<group>";
		};
		5C95696B2768C3DA00B63D85 /* View */ = {
			isa = PBXGroup;
			children = (
				5C9569662768B4C200B63D85 /* CartView.swift */,
			);
			path = View;
			sourceTree = "<group>";
		};
		5C95696C2768C3E400B63D85 /* ViewModel */ = {
			isa = PBXGroup;
			children = (
				5C9569682768C1FF00B63D85 /* CartViewModel.swift */,
			);
			path = ViewModel;
			sourceTree = "<group>";
		};
		5CA3EAC7276A476600CEEB28 /* Model */ = {
			isa = PBXGroup;
			children = (
				5CA3EAC8276A477500CEEB28 /* LoginModel.swift */,
			);
			name = Model;
			sourceTree = "<group>";
		};
		5CAC0528276737010030DA47 = {
			isa = PBXGroup;
			children = (
				5CAC0533276737010030DA47 /* HashedInIOSApp */,
				5CAC0544276737020030DA47 /* HashedInIOSAppTests */,
				5CAC054E276737020030DA47 /* HashedInIOSAppUITests */,
				5CAC0532276737010030DA47 /* Products */,
			);
			sourceTree = "<group>";
		};
		5CAC0532276737010030DA47 /* Products */ = {
			isa = PBXGroup;
			children = (
				5CAC0531276737010030DA47 /* HashedInIOSApp.app */,
				5CAC0541276737020030DA47 /* HashedInIOSAppTests.xctest */,
				5CAC054B276737020030DA47 /* HashedInIOSAppUITests.xctest */,
			);
			name = Products;
			sourceTree = "<group>";
		};
		5CAC0533276737010030DA47 /* HashedInIOSApp */ = {
			isa = PBXGroup;
			children = (
				5C95696A2768C3BC00B63D85 /* Cart */,
				5C95695B2768AFB200B63D85 /* HeaderBar */,
				5CECCE2E2767B74D00AC781D /* Utils */,
				5CECCE272767B1D800AC781D /* Course */,
				5CECCE222767A58300AC781D /* Profile */,
				5CECCE1E2767A28B00AC781D /* Login */,
				5CAC0534276737010030DA47 /* HashedInIOSAppApp.swift */,
				5CAC0538276737020030DA47 /* Assets.xcassets */,
				5CAC053A276737020030DA47 /* Preview Content */,
				5CECCE372767C2DC00AC781D /* Property List.plist */,
				5CDCE0AD2769F3860027DAA8 /* HashedInIOSApp.xcdatamodeld */,
			);
			path = HashedInIOSApp;
			sourceTree = "<group>";
		};
		5CAC053A276737020030DA47 /* Preview Content */ = {
			isa = PBXGroup;
			children = (
				5CAC053B276737020030DA47 /* Preview Assets.xcassets */,
			);
			path = "Preview Content";
			sourceTree = "<group>";
		};
		5CAC0544276737020030DA47 /* HashedInIOSAppTests */ = {
			isa = PBXGroup;
			children = (
				5CAC0545276737020030DA47 /* HashedInIOSAppTests.swift */,
			);
			path = HashedInIOSAppTests;
			sourceTree = "<group>";
		};
		5CAC054E276737020030DA47 /* HashedInIOSAppUITests */ = {
			isa = PBXGroup;
			children = (
				5CAC054F276737020030DA47 /* HashedInIOSAppUITests.swift */,
				5CAC0551276737020030DA47 /* HashedInIOSAppUITestsLaunchTests.swift */,
			);
			path = HashedInIOSAppUITests;
			sourceTree = "<group>";
		};
		5CDCE0B4276A24B40027DAA8 /* View */ = {
			isa = PBXGroup;
			children = (
				5CDCE0B2276A24AA0027DAA8 /* ProfileView.swift */,
				5CDCE0B8276A29DB0027DAA8 /* HeaderView.swift */,
				5CDCE0BA276A2B100027DAA8 /* SettingsView.swift */,
			);
			path = View;
			sourceTree = "<group>";
		};
		5CDCE0B7276A26BE0027DAA8 /* ProfileViewModel */ = {
			isa = PBXGroup;
			children = (
				5CDCE0B5276A25940027DAA8 /* ProfileViewModel.swift */,
			);
			path = ProfileViewModel;
			sourceTree = "<group>";
		};
		5CECCE1E2767A28B00AC781D /* Login */ = {
			isa = PBXGroup;
			children = (
				5CA3EAC7276A476600CEEB28 /* Model */,
				5CECCE1F2767A2C000AC781D /* View */,
			);
			path = Login;
			sourceTree = "<group>";
		};
		5CECCE1F2767A2C000AC781D /* View */ = {
			isa = PBXGroup;
			children = (
				5CECCE202767A2D600AC781D /* LoginView.swift */,
			);
			name = View;
			sourceTree = "<group>";
		};
		5CECCE222767A58300AC781D /* Profile */ = {
			isa = PBXGroup;
			children = (
				5CDCE0B7276A26BE0027DAA8 /* ProfileViewModel */,
				5CDCE0B4276A24B40027DAA8 /* View */,
				5CECCE232767A58F00AC781D /* Model */,
			);
			path = Profile;
			sourceTree = "<group>";
		};
		5CECCE232767A58F00AC781D /* Model */ = {
			isa = PBXGroup;
			children = (
				5CECCE252767A5B000AC781D /* ProfileModel.swift */,
			);
			path = Model;
			sourceTree = "<group>";
		};
		5CECCE272767B1D800AC781D /* Course */ = {
			isa = PBXGroup;
			children = (
				5CECCE342767BB7800AC781D /* View */,
				5CECCE312767B9A600AC781D /* ViewModel */,
				5CECCE2B2767B70400AC781D /* Service */,
				5CECCE282767B1E600AC781D /* Model */,
			);
			path = Course;
			sourceTree = "<group>";
		};
		5CECCE282767B1E600AC781D /* Model */ = {
			isa = PBXGroup;
			children = (
				5CECCE292767B21200AC781D /* CourseModel.swift */,
			);
			path = Model;
			sourceTree = "<group>";
		};
		5CECCE2B2767B70400AC781D /* Service */ = {
			isa = PBXGroup;
			children = (
				5CECCE2C2767B71D00AC781D /* WebService.swift */,
			);
			path = Service;
			sourceTree = "<group>";
		};
		5CECCE2E2767B74D00AC781D /* Utils */ = {
			isa = PBXGroup;
			children = (
				5CDCE0B02769F45C0027DAA8 /* Persistance.swift */,
				5CAC0536276737010030DA47 /* ContentView.swift */,
				5CECCE2F2767B75F00AC781D /* Constants.swift */,
			);
			path = Utils;
			sourceTree = "<group>";
		};
		5CECCE312767B9A600AC781D /* ViewModel */ = {
			isa = PBXGroup;
			children = (
				5CECCE322767B9BB00AC781D /* CourseViewModel.swift */,
			);
			path = ViewModel;
			sourceTree = "<group>";
		};
		5CECCE342767BB7800AC781D /* View */ = {
			isa = PBXGroup;
			children = (
				5CECCE352767BB8F00AC781D /* CourseView.swift */,
				5C95695727689DB900B63D85 /* CourseDetailView.swift */,
				5C95695927689EF700B63D85 /* CourseCardView.swift */,
			);
			path = View;
			sourceTree = "<group>";
		};
/* End PBXGroup section */

/* Begin PBXNativeTarget section */
		5CAC0530276737010030DA47 /* HashedInIOSApp */ = {
			isa = PBXNativeTarget;
			buildConfigurationList = 5CAC0555276737020030DA47 /* Build configuration list for PBXNativeTarget "HashedInIOSApp" */;
			buildPhases = (
				5CAC052D276737010030DA47 /* Sources */,
				5CAC052E276737010030DA47 /* Frameworks */,
				5CAC052F276737010030DA47 /* Resources */,
			);
			buildRules = (
			);
			dependencies = (
			);
			name = HashedInIOSApp;
			productName = HashedInIOSApp;
			productReference = 5CAC0531276737010030DA47 /* HashedInIOSApp.app */;
			productType = "com.apple.product-type.application";
		};
		5CAC0540276737020030DA47 /* HashedInIOSAppTests */ = {
			isa = PBXNativeTarget;
			buildConfigurationList = 5CAC0558276737020030DA47 /* Build configuration list for PBXNativeTarget "HashedInIOSAppTests" */;
			buildPhases = (
				5CAC053D276737020030DA47 /* Sources */,
				5CAC053E276737020030DA47 /* Frameworks */,
				5CAC053F276737020030DA47 /* Resources */,
			);
			buildRules = (
			);
			dependencies = (
				5CAC0543276737020030DA47 /* PBXTargetDependency */,
			);
			name = HashedInIOSAppTests;
			productName = HashedInIOSAppTests;
			productReference = 5CAC0541276737020030DA47 /* HashedInIOSAppTests.xctest */;
			productType = "com.apple.product-type.bundle.unit-test";
		};
		5CAC054A276737020030DA47 /* HashedInIOSAppUITests */ = {
			isa = PBXNativeTarget;
			buildConfigurationList = 5CAC055B276737020030DA47 /* Build configuration list for PBXNativeTarget "HashedInIOSAppUITests" */;
			buildPhases = (
				5CAC0547276737020030DA47 /* Sources */,
				5CAC0548276737020030DA47 /* Frameworks */,
				5CAC0549276737020030DA47 /* Resources */,
			);
			buildRules = (
			);
			dependencies = (
				5CAC054D276737020030DA47 /* PBXTargetDependency */,
			);
			name = HashedInIOSAppUITests;
			productName = HashedInIOSAppUITests;
			productReference = 5CAC054B276737020030DA47 /* HashedInIOSAppUITests.xctest */;
			productType = "com.apple.product-type.bundle.ui-testing";
		};
/* End PBXNativeTarget section */

/* Begin PBXProject section */
		5CAC0529276737010030DA47 /* Project object */ = {
			isa = PBXProject;
			attributes = {
				BuildIndependentTargetsInParallel = 1;
				LastSwiftUpdateCheck = 1310;
				LastUpgradeCheck = 1310;
				TargetAttributes = {
					5CAC0530276737010030DA47 = {
						CreatedOnToolsVersion = 13.1;
					};
					5CAC0540276737020030DA47 = {
						CreatedOnToolsVersion = 13.1;
						TestTargetID = 5CAC0530276737010030DA47;
					};
					5CAC054A276737020030DA47 = {
						CreatedOnToolsVersion = 13.1;
						TestTargetID = 5CAC0530276737010030DA47;
					};
				};
			};
			buildConfigurationList = 5CAC052C276737010030DA47 /* Build configuration list for PBXProject "HashedInIOSApp" */;
			compatibilityVersion = "Xcode 13.0";
			developmentRegion = en;
			hasScannedForEncodings = 0;
			knownRegions = (
				en,
				Base,
			);
			mainGroup = 5CAC0528276737010030DA47;
			productRefGroup = 5CAC0532276737010030DA47 /* Products */;
			projectDirPath = "";
			projectRoot = "";
			targets = (
				5CAC0530276737010030DA47 /* HashedInIOSApp */,
				5CAC0540276737020030DA47 /* HashedInIOSAppTests */,
				5CAC054A276737020030DA47 /* HashedInIOSAppUITests */,
			);
		};
/* End PBXProject section */

/* Begin PBXResourcesBuildPhase section */
		5CAC052F276737010030DA47 /* Resources */ = {
			isa = PBXResourcesBuildPhase;
			buildActionMask = 2147483647;
			files = (
				5CECCE382767C2DC00AC781D /* Property List.plist in Resources */,
				5CAC053C276737020030DA47 /* Preview Assets.xcassets in Resources */,
				5CAC0539276737020030DA47 /* Assets.xcassets in Resources */,
			);
			runOnlyForDeploymentPostprocessing = 0;
		};
		5CAC053F276737020030DA47 /* Resources */ = {
			isa = PBXResourcesBuildPhase;
			buildActionMask = 2147483647;
			files = (
			);
			runOnlyForDeploymentPostprocessing = 0;
		};
		5CAC0549276737020030DA47 /* Resources */ = {
			isa = PBXResourcesBuildPhase;
			buildActionMask = 2147483647;
			files = (
			);
			runOnlyForDeploymentPostprocessing = 0;
		};
/* End PBXResourcesBuildPhase section */

/* Begin PBXSourcesBuildPhase section */
		5CAC052D276737010030DA47 /* Sources */ = {
			isa = PBXSourcesBuildPhase;
			buildActionMask = 2147483647;
			files = (
				5C9569672768B4C200B63D85 /* CartView.swift in Sources */,
				5C95695827689DB900B63D85 /* CourseDetailView.swift in Sources */,
				5CECCE2D2767B71D00AC781D /* WebService.swift in Sources */,
				5CECCE212767A2D600AC781D /* LoginView.swift in Sources */,
				5CECCE362767BB8F00AC781D /* CourseView.swift in Sources */,
				5CDCE0B12769F45C0027DAA8 /* Persistance.swift in Sources */,
				5C9569692768C1FF00B63D85 /* CartViewModel.swift in Sources */,
				5CECCE2A2767B21200AC781D /* CourseModel.swift in Sources */,
				5CAC0537276737010030DA47 /* ContentView.swift in Sources */,
				5CECCE302767B75F00AC781D /* Constants.swift in Sources */,
				5CDCE0AF2769F3860027DAA8 /* HashedInIOSApp.xcdatamodeld in Sources */,
				5C9569642768B12500B63D85 /* HeaderBarView.swift in Sources */,
				5CECCE332767B9BB00AC781D /* CourseViewModel.swift in Sources */,
				5CA3EAC9276A477500CEEB28 /* LoginModel.swift in Sources */,
				5CDCE0B9276A29DB0027DAA8 /* HeaderView.swift in Sources */,
				5C9569612768B06300B63D85 /* HeaderBarViewModel.swift in Sources */,
				5CDCE0B6276A25940027DAA8 /* ProfileViewModel.swift in Sources */,
				5CECCE262767A5B000AC781D /* ProfileModel.swift in Sources */,
				5CAC0535276737010030DA47 /* HashedInIOSAppApp.swift in Sources */,
				5CDCE0B3276A24AA0027DAA8 /* ProfileView.swift in Sources */,
				5C95695E2768B00000B63D85 /* HeaderBarModel.swift in Sources */,
				5C95695A27689EF700B63D85 /* CourseCardView.swift in Sources */,
				5CDCE0BB276A2B100027DAA8 /* SettingsView.swift in Sources */,
			);
			runOnlyForDeploymentPostprocessing = 0;
		};
		5CAC053D276737020030DA47 /* Sources */ = {
			isa = PBXSourcesBuildPhase;
			buildActionMask = 2147483647;
			files = (
				5CAC0546276737020030DA47 /* HashedInIOSAppTests.swift in Sources */,
			);
			runOnlyForDeploymentPostprocessing = 0;
		};
		5CAC0547276737020030DA47 /* Sources */ = {
			isa = PBXSourcesBuildPhase;
			buildActionMask = 2147483647;
			files = (
				5CAC0552276737020030DA47 /* HashedInIOSAppUITestsLaunchTests.swift in Sources */,
				5CAC0550276737020030DA47 /* HashedInIOSAppUITests.swift in Sources */,
			);
			runOnlyForDeploymentPostprocessing = 0;
		};
/* End PBXSourcesBuildPhase section */

/* Begin PBXTargetDependency section */
		5CAC0543276737020030DA47 /* PBXTargetDependency */ = {
			isa = PBXTargetDependency;
			target = 5CAC0530276737010030DA47 /* HashedInIOSApp */;
			targetProxy = 5CAC0542276737020030DA47 /* PBXContainerItemProxy */;
		};
		5CAC054D276737020030DA47 /* PBXTargetDependency */ = {
			isa = PBXTargetDependency;
			target = 5CAC0530276737010030DA47 /* HashedInIOSApp */;
			targetProxy = 5CAC054C276737020030DA47 /* PBXContainerItemProxy */;
		};
/* End PBXTargetDependency section */

/* Begin XCBuildConfiguration section */
		5CAC0553276737020030DA47 /* Debug */ = {
			isa = XCBuildConfiguration;
			buildSettings = {
				ALWAYS_SEARCH_USER_PATHS = NO;
				CLANG_ANALYZER_NONNULL = YES;
				CLANG_ANALYZER_NUMBER_OBJECT_CONVERSION = YES_AGGRESSIVE;
				CLANG_CXX_LANGUAGE_STANDARD = "gnu++17";
				CLANG_CXX_LIBRARY = "libc++";
				CLANG_ENABLE_MODULES = YES;
				CLANG_ENABLE_OBJC_ARC = YES;
				CLANG_ENABLE_OBJC_WEAK = YES;
				CLANG_WARN_BLOCK_CAPTURE_AUTORELEASING = YES;
				CLANG_WARN_BOOL_CONVERSION = YES;
				CLANG_WARN_COMMA = YES;
				CLANG_WARN_CONSTANT_CONVERSION = YES;
				CLANG_WARN_DEPRECATED_OBJC_IMPLEMENTATIONS = YES;
				CLANG_WARN_DIRECT_OBJC_ISA_USAGE = YES_ERROR;
				CLANG_WARN_DOCUMENTATION_COMMENTS = YES;
				CLANG_WARN_EMPTY_BODY = YES;
				CLANG_WARN_ENUM_CONVERSION = YES;
				CLANG_WARN_INFINITE_RECURSION = YES;
				CLANG_WARN_INT_CONVERSION = YES;
				CLANG_WARN_NON_LITERAL_NULL_CONVERSION = YES;
				CLANG_WARN_OBJC_IMPLICIT_RETAIN_SELF = YES;
				CLANG_WARN_OBJC_LITERAL_CONVERSION = YES;
				CLANG_WARN_OBJC_ROOT_CLASS = YES_ERROR;
				CLANG_WARN_QUOTED_INCLUDE_IN_FRAMEWORK_HEADER = YES;
				CLANG_WARN_RANGE_LOOP_ANALYSIS = YES;
				CLANG_WARN_STRICT_PROTOTYPES = YES;
				CLANG_WARN_SUSPICIOUS_MOVE = YES;
				CLANG_WARN_UNGUARDED_AVAILABILITY = YES_AGGRESSIVE;
				CLANG_WARN_UNREACHABLE_CODE = YES;
				CLANG_WARN__DUPLICATE_METHOD_MATCH = YES;
				COPY_PHASE_STRIP = NO;
				DEBUG_INFORMATION_FORMAT = dwarf;
				ENABLE_STRICT_OBJC_MSGSEND = YES;
				ENABLE_TESTABILITY = YES;
				GCC_C_LANGUAGE_STANDARD = gnu11;
				GCC_DYNAMIC_NO_PIC = NO;
				GCC_NO_COMMON_BLOCKS = YES;
				GCC_OPTIMIZATION_LEVEL = 0;
				GCC_PREPROCESSOR_DEFINITIONS = (
					"DEBUG=1",
					"$(inherited)",
				);
				GCC_WARN_64_TO_32_BIT_CONVERSION = YES;
				GCC_WARN_ABOUT_RETURN_TYPE = YES_ERROR;
				GCC_WARN_UNDECLARED_SELECTOR = YES;
				GCC_WARN_UNINITIALIZED_AUTOS = YES_AGGRESSIVE;
				GCC_WARN_UNUSED_FUNCTION = YES;
				GCC_WARN_UNUSED_VARIABLE = YES;
				IPHONEOS_DEPLOYMENT_TARGET = 15.0;
				MTL_ENABLE_DEBUG_INFO = INCLUDE_SOURCE;
				MTL_FAST_MATH = YES;
				ONLY_ACTIVE_ARCH = YES;
				SDKROOT = iphoneos;
				SWIFT_ACTIVE_COMPILATION_CONDITIONS = DEBUG;
				SWIFT_OPTIMIZATION_LEVEL = "-Onone";
			};
			name = Debug;
		};
		5CAC0554276737020030DA47 /* Release */ = {
			isa = XCBuildConfiguration;
			buildSettings = {
				ALWAYS_SEARCH_USER_PATHS = NO;
				CLANG_ANALYZER_NONNULL = YES;
				CLANG_ANALYZER_NUMBER_OBJECT_CONVERSION = YES_AGGRESSIVE;
				CLANG_CXX_LANGUAGE_STANDARD = "gnu++17";
				CLANG_CXX_LIBRARY = "libc++";
				CLANG_ENABLE_MODULES = YES;
				CLANG_ENABLE_OBJC_ARC = YES;
				CLANG_ENABLE_OBJC_WEAK = YES;
				CLANG_WARN_BLOCK_CAPTURE_AUTORELEASING = YES;
				CLANG_WARN_BOOL_CONVERSION = YES;
				CLANG_WARN_COMMA = YES;
				CLANG_WARN_CONSTANT_CONVERSION = YES;
				CLANG_WARN_DEPRECATED_OBJC_IMPLEMENTATIONS = YES;
				CLANG_WARN_DIRECT_OBJC_ISA_USAGE = YES_ERROR;
				CLANG_WARN_DOCUMENTATION_COMMENTS = YES;
				CLANG_WARN_EMPTY_BODY = YES;
				CLANG_WARN_ENUM_CONVERSION = YES;
				CLANG_WARN_INFINITE_RECURSION = YES;
				CLANG_WARN_INT_CONVERSION = YES;
				CLANG_WARN_NON_LITERAL_NULL_CONVERSION = YES;
				CLANG_WARN_OBJC_IMPLICIT_RETAIN_SELF = YES;
				CLANG_WARN_OBJC_LITERAL_CONVERSION = YES;
				CLANG_WARN_OBJC_ROOT_CLASS = YES_ERROR;
				CLANG_WARN_QUOTED_INCLUDE_IN_FRAMEWORK_HEADER = YES;
				CLANG_WARN_RANGE_LOOP_ANALYSIS = YES;
				CLANG_WARN_STRICT_PROTOTYPES = YES;
				CLANG_WARN_SUSPICIOUS_MOVE = YES;
				CLANG_WARN_UNGUARDED_AVAILABILITY = YES_AGGRESSIVE;
				CLANG_WARN_UNREACHABLE_CODE = YES;
				CLANG_WARN__DUPLICATE_METHOD_MATCH = YES;
				COPY_PHASE_STRIP = NO;
				DEBUG_INFORMATION_FORMAT = "dwarf-with-dsym";
				ENABLE_NS_ASSERTIONS = NO;
				ENABLE_STRICT_OBJC_MSGSEND = YES;
				GCC_C_LANGUAGE_STANDARD = gnu11;
				GCC_NO_COMMON_BLOCKS = YES;
				GCC_WARN_64_TO_32_BIT_CONVERSION = YES;
				GCC_WARN_ABOUT_RETURN_TYPE = YES_ERROR;
				GCC_WARN_UNDECLARED_SELECTOR = YES;
				GCC_WARN_UNINITIALIZED_AUTOS = YES_AGGRESSIVE;
				GCC_WARN_UNUSED_FUNCTION = YES;
				GCC_WARN_UNUSED_VARIABLE = YES;
				IPHONEOS_DEPLOYMENT_TARGET = 15.0;
				MTL_ENABLE_DEBUG_INFO = NO;
				MTL_FAST_MATH = YES;
				SDKROOT = iphoneos;
				SWIFT_COMPILATION_MODE = wholemodule;
				SWIFT_OPTIMIZATION_LEVEL = "-O";
				VALIDATE_PRODUCT = YES;
			};
			name = Release;
		};
		5CAC0556276737020030DA47 /* Debug */ = {
			isa = XCBuildConfiguration;
			buildSettings = {
				ASSETCATALOG_COMPILER_APPICON_NAME = AppIcon;
				ASSETCATALOG_COMPILER_GLOBAL_ACCENT_COLOR_NAME = AccentColor;
				CODE_SIGN_STYLE = Automatic;
				CURRENT_PROJECT_VERSION = 1;
				DEVELOPMENT_ASSET_PATHS = "\"HashedInIOSApp/Preview Content\"";
				ENABLE_PREVIEWS = YES;
				GENERATE_INFOPLIST_FILE = YES;
				INFOPLIST_KEY_UIApplicationSceneManifest_Generation = YES;
				INFOPLIST_KEY_UIApplicationSupportsIndirectInputEvents = YES;
				INFOPLIST_KEY_UILaunchScreen_Generation = YES;
				INFOPLIST_KEY_UISupportedInterfaceOrientations_iPad = "UIInterfaceOrientationPortrait UIInterfaceOrientationPortraitUpsideDown UIInterfaceOrientationLandscapeLeft UIInterfaceOrientationLandscapeRight";
				INFOPLIST_KEY_UISupportedInterfaceOrientations_iPhone = "UIInterfaceOrientationPortrait UIInterfaceOrientationLandscapeLeft UIInterfaceOrientationLandscapeRight";
				LD_RUNPATH_SEARCH_PATHS = (
					"$(inherited)",
					"@executable_path/Frameworks",
				);
				MARKETING_VERSION = 1.0;
				PRODUCT_BUNDLE_IDENTIFIER = com.personal.HashedInIOSApp;
				PRODUCT_NAME = "$(TARGET_NAME)";
				SWIFT_EMIT_LOC_STRINGS = YES;
				SWIFT_VERSION = 5.0;
				TARGETED_DEVICE_FAMILY = "1,2";
			};
			name = Debug;
		};
		5CAC0557276737020030DA47 /* Release */ = {
			isa = XCBuildConfiguration;
			buildSettings = {
				ASSETCATALOG_COMPILER_APPICON_NAME = AppIcon;
				ASSETCATALOG_COMPILER_GLOBAL_ACCENT_COLOR_NAME = AccentColor;
				CODE_SIGN_STYLE = Automatic;
				CURRENT_PROJECT_VERSION = 1;
				DEVELOPMENT_ASSET_PATHS = "\"HashedInIOSApp/Preview Content\"";
				ENABLE_PREVIEWS = YES;
				GENERATE_INFOPLIST_FILE = YES;
				INFOPLIST_KEY_UIApplicationSceneManifest_Generation = YES;
				INFOPLIST_KEY_UIApplicationSupportsIndirectInputEvents = YES;
				INFOPLIST_KEY_UILaunchScreen_Generation = YES;
				INFOPLIST_KEY_UISupportedInterfaceOrientations_iPad = "UIInterfaceOrientationPortrait UIInterfaceOrientationPortraitUpsideDown UIInterfaceOrientationLandscapeLeft UIInterfaceOrientationLandscapeRight";
				INFOPLIST_KEY_UISupportedInterfaceOrientations_iPhone = "UIInterfaceOrientationPortrait UIInterfaceOrientationLandscapeLeft UIInterfaceOrientationLandscapeRight";
				LD_RUNPATH_SEARCH_PATHS = (
					"$(inherited)",
					"@executable_path/Frameworks",
				);
				MARKETING_VERSION = 1.0;
				PRODUCT_BUNDLE_IDENTIFIER = com.personal.HashedInIOSApp;
				PRODUCT_NAME = "$(TARGET_NAME)";
				SWIFT_EMIT_LOC_STRINGS = YES;
				SWIFT_VERSION = 5.0;
				TARGETED_DEVICE_FAMILY = "1,2";
			};
			name = Release;
		};
		5CAC0559276737020030DA47 /* Debug */ = {
			isa = XCBuildConfiguration;
			buildSettings = {
				ALWAYS_EMBED_SWIFT_STANDARD_LIBRARIES = YES;
				BUNDLE_LOADER = "$(TEST_HOST)";
				CODE_SIGN_STYLE = Automatic;
				CURRENT_PROJECT_VERSION = 1;
				GENERATE_INFOPLIST_FILE = YES;
				IPHONEOS_DEPLOYMENT_TARGET = 15.0;
				LD_RUNPATH_SEARCH_PATHS = (
					"$(inherited)",
					"@executable_path/Frameworks",
					"@loader_path/Frameworks",
				);
				MARKETING_VERSION = 1.0;
				PRODUCT_BUNDLE_IDENTIFIER = com.personal.HashedInIOSAppTests;
				PRODUCT_NAME = "$(TARGET_NAME)";
				SWIFT_EMIT_LOC_STRINGS = NO;
				SWIFT_VERSION = 5.0;
				TARGETED_DEVICE_FAMILY = "1,2";
				TEST_HOST = "$(BUILT_PRODUCTS_DIR)/HashedInIOSApp.app/HashedInIOSApp";
			};
			name = Debug;
		};
		5CAC055A276737020030DA47 /* Release */ = {
			isa = XCBuildConfiguration;
			buildSettings = {
				ALWAYS_EMBED_SWIFT_STANDARD_LIBRARIES = YES;
				BUNDLE_LOADER = "$(TEST_HOST)";
				CODE_SIGN_STYLE = Automatic;
				CURRENT_PROJECT_VERSION = 1;
				GENERATE_INFOPLIST_FILE = YES;
				IPHONEOS_DEPLOYMENT_TARGET = 15.0;
				LD_RUNPATH_SEARCH_PATHS = (
					"$(inherited)",
					"@executable_path/Frameworks",
					"@loader_path/Frameworks",
				);
				MARKETING_VERSION = 1.0;
				PRODUCT_BUNDLE_IDENTIFIER = com.personal.HashedInIOSAppTests;
				PRODUCT_NAME = "$(TARGET_NAME)";
				SWIFT_EMIT_LOC_STRINGS = NO;
				SWIFT_VERSION = 5.0;
				TARGETED_DEVICE_FAMILY = "1,2";
				TEST_HOST = "$(BUILT_PRODUCTS_DIR)/HashedInIOSApp.app/HashedInIOSApp";
			};
			name = Release;
		};
		5CAC055C276737020030DA47 /* Debug */ = {
			isa = XCBuildConfiguration;
			buildSettings = {
				ALWAYS_EMBED_SWIFT_STANDARD_LIBRARIES = YES;
				CODE_SIGN_STYLE = Automatic;
				CURRENT_PROJECT_VERSION = 1;
				GENERATE_INFOPLIST_FILE = YES;
				LD_RUNPATH_SEARCH_PATHS = (
					"$(inherited)",
					"@executable_path/Frameworks",
					"@loader_path/Frameworks",
				);
				MARKETING_VERSION = 1.0;
				PRODUCT_BUNDLE_IDENTIFIER = com.personal.HashedInIOSAppUITests;
				PRODUCT_NAME = "$(TARGET_NAME)";
				SWIFT_EMIT_LOC_STRINGS = NO;
				SWIFT_VERSION = 5.0;
				TARGETED_DEVICE_FAMILY = "1,2";
				TEST_TARGET_NAME = HashedInIOSApp;
			};
			name = Debug;
		};
		5CAC055D276737020030DA47 /* Release */ = {
			isa = XCBuildConfiguration;
			buildSettings = {
				ALWAYS_EMBED_SWIFT_STANDARD_LIBRARIES = YES;
				CODE_SIGN_STYLE = Automatic;
				CURRENT_PROJECT_VERSION = 1;
				GENERATE_INFOPLIST_FILE = YES;
				LD_RUNPATH_SEARCH_PATHS = (
					"$(inherited)",
					"@executable_path/Frameworks",
					"@loader_path/Frameworks",
				);
				MARKETING_VERSION = 1.0;
				PRODUCT_BUNDLE_IDENTIFIER = com.personal.HashedInIOSAppUITests;
				PRODUCT_NAME = "$(TARGET_NAME)";
				SWIFT_EMIT_LOC_STRINGS = NO;
				SWIFT_VERSION = 5.0;
				TARGETED_DEVICE_FAMILY = "1,2";
				TEST_TARGET_NAME = HashedInIOSApp;
			};
			name = Release;
		};
/* End XCBuildConfiguration section */

/* Begin XCConfigurationList section */
		5CAC052C276737010030DA47 /* Build configuration list for PBXProject "HashedInIOSApp" */ = {
			isa = XCConfigurationList;
			buildConfigurations = (
				5CAC0553276737020030DA47 /* Debug */,
				5CAC0554276737020030DA47 /* Release */,
			);
			defaultConfigurationIsVisible = 0;
			defaultConfigurationName = Release;
		};
		5CAC0555276737020030DA47 /* Build configuration list for PBXNativeTarget "HashedInIOSApp" */ = {
			isa = XCConfigurationList;
			buildConfigurations = (
				5CAC0556276737020030DA47 /* Debug */,
				5CAC0557276737020030DA47 /* Release */,
			);
			defaultConfigurationIsVisible = 0;
			defaultConfigurationName = Release;
		};
		5CAC0558276737020030DA47 /* Build configuration list for PBXNativeTarget "HashedInIOSAppTests" */ = {
			isa = XCConfigurationList;
			buildConfigurations = (
				5CAC0559276737020030DA47 /* Debug */,
				5CAC055A276737020030DA47 /* Release */,
			);
			defaultConfigurationIsVisible = 0;
			defaultConfigurationName = Release;
		};
		5CAC055B276737020030DA47 /* Build configuration list for PBXNativeTarget "HashedInIOSAppUITests" */ = {
			isa = XCConfigurationList;
			buildConfigurations = (
				5CAC055C276737020030DA47 /* Debug */,
				5CAC055D276737020030DA47 /* Release */,
			);
			defaultConfigurationIsVisible = 0;
			defaultConfigurationName = Release;
		};
/* End XCConfigurationList section */

/* Begin XCVersionGroup section */
		5CDCE0AD2769F3860027DAA8 /* HashedInIOSApp.xcdatamodeld */ = {
			isa = XCVersionGroup;
			children = (
				5CDCE0AE2769F3860027DAA8 /* HashedInIOSApp.xcdatamodel */,
			);
			currentVersion = 5CDCE0AE2769F3860027DAA8 /* HashedInIOSApp.xcdatamodel */;
			path = HashedInIOSApp.xcdatamodeld;
			sourceTree = "<group>";
			versionGroupType = wrapper.xcdatamodel;
		};
/* End XCVersionGroup section */
	};
	rootObject = 5CAC0529276737010030DA47 /* Project object */;
}
